
Microsoft Visual Studio Solution File, Format Version 12.00
# Visual Studio Version 17
VisualStudioVersion = 17.6.33815.320
MinimumVisualStudioVersion = 10.0.40219.1
Project("{FAE04EC0-301F-11D3-BF4B-00C04F79EFBC}") = "tangram", "tangram\tangram.csproj", "{42731635-E871-4832-92A1-28F852949CF7}"
EndProject
Global
	GlobalSection(SolutionConfigurationPlatforms) = preSolution
		Debug|Any CPU = Debug|Any CPU
		Release|Any CPU = Release|Any CPU
	EndGlobalSection
	GlobalSection(ProjectConfigurationPlatforms) = postSolution
		{42731635-E871-4832-92A1-28F852949CF7}.Debug|Any CPU.ActiveCfg = Debug|Any CPU
		{42731635-E871-4832-92A1-28F852949CF7}.Debug|Any CPU.Build.0 = Debug|Any CPU
		{42731635-E871-4832-92A1-28F852949CF7}.Release|Any CPU.ActiveCfg = Release|Any CPU
		{42731635-E871-4832-92A1-28F852949CF7}.Release|Any CPU.Build.0 = Release|Any CPU
	EndGlobalSection
	GlobalSection(SolutionProperties) = preSolution
		HideSolutionNode = FALSE
	EndGlobalSection
	GlobalSection(ExtensibilityGlobals) = postSolution
		SolutionGuid = {60B1FFF4-D869-4DE9-ADD3-A7F573AE11D4}
	EndGlobalSection
EndGlobal
